
Microsoft Visual Studio Solution File, Format Version 12.00
# Visual Studio 15
Project("{FAE04EC0-301F-11D3-BF4B-00C04F79EFBC}") = "UnityEngine.TestRunner", "UnityEngine.TestRunner.csproj", "{3C34FD9A-C088-51AE-C2C8-0FE204EDE15E}"
EndProject
Project("{FAE04EC0-301F-11D3-BF4B-00C04F79EFBC}") = "Unity.Mathematics", "Unity.Mathematics.csproj", "{7ABC7F08-1957-6CFD-E5CF-BF1C364CF87B}"
EndProject
Project("{FAE04EC0-301F-11D3-BF4B-00C04F79EFBC}") = "Unity.2D.Animation.Triangle.Runtime", "Unity.2D.Animation.Triangle.Runtime.csproj", "{41AC9DCD-1E96-B543-72FF-500BDA289D06}"
EndProject
Project("{FAE04EC0-301F-11D3-BF4B-00C04F79EFBC}") = "Unity.Timeline", "Unity.Timeline.csproj", "{71F24F3D-EE1F-550C-B0BD-2F39702BB99D}"
EndProject
Project("{FAE04EC0-301F-11D3-BF4B-00C04F79EFBC}") = "UnityEngine.UI", "UnityEngine.UI.csproj", "{FC789065-9DB2-D55A-5FD8-FB79CBE36AE7}"
EndProject
Project("{FAE04EC0-301F-11D3-BF4B-00C04F79EFBC}") = "Unity.TextMeshPro", "Unity.TextMeshPro.csproj", "{0ABBDFAC-5140-D137-4C91-9AD2841E256E}"
EndProject
Project("{FAE04EC0-301F-11D3-BF4B-00C04F79EFBC}") = "Unity.2D.Animation.Runtime", "Unity.2D.Animation.Runtime.csproj", "{329B367F-820A-C17E-B326-4FC14EE4588F}"
EndProject
Project("{FAE04EC0-301F-11D3-BF4B-00C04F79EFBC}") = "Assembly-CSharp", "Assembly-CSharp.csproj", "{EE80C96C-A26F-4826-F966-FF933B01D041}"
EndProject
Project("{FAE04EC0-301F-11D3-BF4B-00C04F79EFBC}") = "Unity.2D.IK.Runtime", "Unity.2D.IK.Runtime.csproj", "{59229E02-D14D-6631-1E9F-FAE205CC388C}"
EndProject
Project("{FAE04EC0-301F-11D3-BF4B-00C04F79EFBC}") = "Unity.2D.SpriteShape.Runtime", "Unity.2D.SpriteShape.Runtime.csproj", "{5FC768E6-97CD-6295-2FEB-E9D161B27461}"
EndProject
Project("{FAE04EC0-301F-11D3-BF4B-00C04F79EFBC}") = "Unity.2D.PixelPerfect", "Unity.2D.PixelPerfect.csproj", "{D8ACB0E9-FE9A-6C88-15EF-B297AD39B7CF}"
EndProject
Project("{FAE04EC0-301F-11D3-BF4B-00C04F79EFBC}") = "Unity.2D.Common.Runtime", "Unity.2D.Common.Runtime.csproj", "{F249469A-91A1-D9F7-A9D2-68D55659D7C6}"
EndProject
Project("{FAE04EC0-301F-11D3-BF4B-00C04F79EFBC}") = "Unity.InternalAPIEngineBridge.001", "Unity.InternalAPIEngineBridge.001.csproj", "{C38465C2-17BE-6B75-5CFC-9C18ADEAEED9}"
EndProject
Project("{FAE04EC0-301F-11D3-BF4B-00C04F79EFBC}") = "UnityEditor.TestRunner", "UnityEditor.TestRunner.csproj", "{79327FFF-76AE-13C5-7B1F-2121B841D23E}"
EndProject
Project("{FAE04EC0-301F-11D3-BF4B-00C04F79EFBC}") = "Unity.PlasticSCM.Editor", "Unity.PlasticSCM.Editor.csproj", "{FA5608A0-DDB0-06ED-1CD9-36B95837C127}"
EndProject
Project("{FAE04EC0-301F-11D3-BF4B-00C04F79EFBC}") = "UnityEditor.UI", "UnityEditor.UI.csproj", "{D1F8838C-1514-AA8B-281B-625B7A95FB94}"
EndProject
Project("{FAE04EC0-301F-11D3-BF4B-00C04F79EFBC}") = "Unity.Timeline.Editor", "Unity.Timeline.Editor.csproj", "{2C7F89AE-0CF1-EFA5-D5CD-61869A854CE9}"
EndProject
Project("{FAE04EC0-301F-11D3-BF4B-00C04F79EFBC}") = "Unity.VisualStudio.Editor", "Unity.VisualStudio.Editor.csproj", "{C1F6D3F6-CF68-6040-F8F0-9732D9FB3967}"
EndProject
Project("{FAE04EC0-301F-11D3-BF4B-00C04F79EFBC}") = "Unity.2D.Psdimporter.Editor", "Unity.2D.Psdimporter.Editor.csproj", "{A6D81C11-EBE8-FF70-E5BA-41AE90172BDE}"
EndProject
Project("{FAE04EC0-301F-11D3-BF4B-00C04F79EFBC}") = "Unity.2D.Animation.Editor", "Unity.2D.Animation.Editor.csproj", "{44B4B190-C983-E15F-5FBF-FA6B0B62206C}"
EndProject
Project("{FAE04EC0-301F-11D3-BF4B-00C04F79EFBC}") = "Unity.TextMeshPro.Editor", "Unity.TextMeshPro.Editor.csproj", "{1988CD7E-A317-87BA-90C3-DE5DE68ED99F}"
EndProject
Project("{FAE04EC0-301F-11D3-BF4B-00C04F79EFBC}") = "Unity.2D.SpriteShape.Editor", "Unity.2D.SpriteShape.Editor.csproj", "{A3BE68BD-19AC-95D2-6A45-EE2CD2E29B1F}"
EndProject
Project("{FAE04EC0-301F-11D3-BF4B-00C04F79EFBC}") = "Unity.CollabProxy.Editor", "Unity.CollabProxy.Editor.csproj", "{F50909F4-AFD1-176E-D409-7456E8CD1426}"
EndProject
Project("{FAE04EC0-301F-11D3-BF4B-00C04F79EFBC}") = "PsdPlugin", "PsdPlugin.csproj", "{2AD411B2-5D6A-387B-C036-476085071F1B}"
EndProject
Project("{FAE04EC0-301F-11D3-BF4B-00C04F79EFBC}") = "Unity.2D.Path.Editor", "Unity.2D.Path.Editor.csproj", "{0FA62883-4F85-E7A4-4C38-5B8996BA8AD6}"
EndProject
Project("{FAE04EC0-301F-11D3-BF4B-00C04F79EFBC}") = "Unity.Rider.Editor", "Unity.Rider.Editor.csproj", "{33FCED0F-96F5-CF75-3E9F-726D0DC4DB6E}"
EndProject
Project("{FAE04EC0-301F-11D3-BF4B-00C04F79EFBC}") = "Unity.2D.IK.Editor", "Unity.2D.IK.Editor.csproj", "{0EBE6A6E-49D1-7A30-358B-F49FE9FED54F}"
EndProject
Project("{FAE04EC0-301F-11D3-BF4B-00C04F79EFBC}") = "Unity.2D.Sprite.Editor", "Unity.2D.Sprite.Editor.csproj", "{3FFC7F4E-1F0A-7863-8154-6E68231EBF68}"
EndProject
Project("{FAE04EC0-301F-11D3-BF4B-00C04F79EFBC}") = "Unity.2D.Tilemap.Editor", "Unity.2D.Tilemap.Editor.csproj", "{DD73732B-8B92-EC26-91A2-81E3E3E94C96}"
EndProject
Project("{FAE04EC0-301F-11D3-BF4B-00C04F79EFBC}") = "Unity.2D.PixelPerfect.Editor", "Unity.2D.PixelPerfect.Editor.csproj", "{E1B3165E-55A2-5B39-E8B8-57182BD7BC2E}"
EndProject
Project("{FAE04EC0-301F-11D3-BF4B-00C04F79EFBC}") = "Unity.VSCode.Editor", "Unity.VSCode.Editor.csproj", "{F809A02A-67C0-CB6E-558A-05068263E6F2}"
EndProject
Project("{FAE04EC0-301F-11D3-BF4B-00C04F79EFBC}") = "Unity.2D.Common.Editor", "Unity.2D.Common.Editor.csproj", "{6FECB63E-5F4F-74BE-9DCA-5D146A426CFD}"
EndProject
Project("{FAE04EC0-301F-11D3-BF4B-00C04F79EFBC}") = "Unity.Mathematics.Editor", "Unity.Mathematics.Editor.csproj", "{7776B8D5-1529-4956-CB22-5720D5BF923D}"
EndProject
Project("{FAE04EC0-301F-11D3-BF4B-00C04F79EFBC}") = "Unity.InternalAPIEditorBridge.001", "Unity.InternalAPIEditorBridge.001.csproj", "{1FB7ED0B-AD79-8BD8-DAED-06B9111FE02E}"
EndProject
Global
	GlobalSection(SolutionConfigurationPlatforms) = preSolution
		Debug|Any CPU = Debug|Any CPU
		Release|Any CPU = Release|Any CPU
	EndGlobalSection
	GlobalSection(ProjectConfigurationPlatforms) = postSolution
		{3C34FD9A-C088-51AE-C2C8-0FE204EDE15E}.Debug|Any CPU.ActiveCfg = Debug|Any CPU
		{3C34FD9A-C088-51AE-C2C8-0FE204EDE15E}.Debug|Any CPU.Build.0 = Debug|Any CPU
		{3C34FD9A-C088-51AE-C2C8-0FE204EDE15E}.Release|Any CPU.ActiveCfg = Release|Any CPU
		{3C34FD9A-C088-51AE-C2C8-0FE204EDE15E}.Release|Any CPU.Build.0 = Release|Any CPU
		{7ABC7F08-1957-6CFD-E5CF-BF1C364CF87B}.Debug|Any CPU.ActiveCfg = Debug|Any CPU
		{7ABC7F08-1957-6CFD-E5CF-BF1C364CF87B}.Debug|Any CPU.Build.0 = Debug|Any CPU
		{7ABC7F08-1957-6CFD-E5CF-BF1C364CF87B}.Release|Any CPU.ActiveCfg = Release|Any CPU
		{7ABC7F08-1957-6CFD-E5CF-BF1C364CF87B}.Release|Any CPU.Build.0 = Release|Any CPU
		{41AC9DCD-1E96-B543-72FF-500BDA289D06}.Debug|Any CPU.ActiveCfg = Debug|Any CPU
		{41AC9DCD-1E96-B543-72FF-500BDA289D06}.Debug|Any CPU.Build.0 = Debug|Any CPU
		{41AC9DCD-1E96-B543-72FF-500BDA289D06}.Release|Any CPU.ActiveCfg = Release|Any CPU
		{41AC9DCD-1E96-B543-72FF-500BDA289D06}.Release|Any CPU.Build.0 = Release|Any CPU
		{71F24F3D-EE1F-550C-B0BD-2F39702BB99D}.Debug|Any CPU.ActiveCfg = Debug|Any CPU
		{71F24F3D-EE1F-550C-B0BD-2F39702BB99D}.Debug|Any CPU.Build.0 = Debug|Any CPU
		{71F24F3D-EE1F-550C-B0BD-2F39702BB99D}.Release|Any CPU.ActiveCfg = Release|Any CPU
		{71F24F3D-EE1F-550C-B0BD-2F39702BB99D}.Release|Any CPU.Build.0 = Release|Any CPU
		{FC789065-9DB2-D55A-5FD8-FB79CBE36AE7}.Debug|Any CPU.ActiveCfg = Debug|Any CPU
		{FC789065-9DB2-D55A-5FD8-FB79CBE36AE7}.Debug|Any CPU.Build.0 = Debug|Any CPU
		{FC789065-9DB2-D55A-5FD8-FB79CBE36AE7}.Release|Any CPU.ActiveCfg = Release|Any CPU
		{FC789065-9DB2-D55A-5FD8-FB79CBE36AE7}.Release|Any CPU.Build.0 = Release|Any CPU
		{0ABBDFAC-5140-D137-4C91-9AD2841E256E}.Debug|Any CPU.ActiveCfg = Debug|Any CPU
		{0ABBDFAC-5140-D137-4C91-9AD2841E256E}.Debug|Any CPU.Build.0 = Debug|Any CPU
		{0ABBDFAC-5140-D137-4C91-9AD2841E256E}.Release|Any CPU.ActiveCfg = Release|Any CPU
		{0ABBDFAC-5140-D137-4C91-9AD2841E256E}.Release|Any CPU.Build.0 = Release|Any CPU
		{329B367F-820A-C17E-B326-4FC14EE4588F}.Debug|Any CPU.ActiveCfg = Debug|Any CPU
		{329B367F-820A-C17E-B326-4FC14EE4588F}.Debug|Any CPU.Build.0 = Debug|Any CPU
		{329B367F-820A-C17E-B326-4FC14EE4588F}.Release|Any CPU.ActiveCfg = Release|Any CPU
		{329B367F-820A-C17E-B326-4FC14EE4588F}.Release|Any CPU.Build.0 = Release|Any CPU
		{EE80C96C-A26F-4826-F966-FF933B01D041}.Debug|Any CPU.ActiveCfg = Debug|Any CPU
		{EE80C96C-A26F-4826-F966-FF933B01D041}.Debug|Any CPU.Build.0 = Debug|Any CPU
		{EE80C96C-A26F-4826-F966-FF933B01D041}.Release|Any CPU.ActiveCfg = Release|Any CPU
		{EE80C96C-A26F-4826-F966-FF933B01D041}.Release|Any CPU.Build.0 = Release|Any CPU
		{59229E02-D14D-6631-1E9F-FAE205CC388C}.Debug|Any CPU.ActiveCfg = Debug|Any CPU
		{59229E02-D14D-6631-1E9F-FAE205CC388C}.Debug|Any CPU.Build.0 = Debug|Any CPU
		{59229E02-D14D-6631-1E9F-FAE205CC388C}.Release|Any CPU.ActiveCfg = Release|Any CPU
		{59229E02-D14D-6631-1E9F-FAE205CC388C}.Release|Any CPU.Build.0 = Release|Any CPU
		{5FC768E6-97CD-6295-2FEB-E9D161B27461}.Debug|Any CPU.ActiveCfg = Debug|Any CPU
		{5FC768E6-97CD-6295-2FEB-E9D161B27461}.Debug|Any CPU.Build.0 = Debug|Any CPU
		{5FC768E6-97CD-6295-2FEB-E9D161B27461}.Release|Any CPU.ActiveCfg = Release|Any CPU
		{5FC768E6-97CD-6295-2FEB-E9D161B27461}.Release|Any CPU.Build.0 = Release|Any CPU
		{D8ACB0E9-FE9A-6C88-15EF-B297AD39B7CF}.Debug|Any CPU.ActiveCfg = Debug|Any CPU
		{D8ACB0E9-FE9A-6C88-15EF-B297AD39B7CF}.Debug|Any CPU.Build.0 = Debug|Any CPU
		{D8ACB0E9-FE9A-6C88-15EF-B297AD39B7CF}.Release|Any CPU.ActiveCfg = Release|Any CPU
		{D8ACB0E9-FE9A-6C88-15EF-B297AD39B7CF}.Release|Any CPU.Build.0 = Release|Any CPU
		{F249469A-91A1-D9F7-A9D2-68D55659D7C6}.Debug|Any CPU.ActiveCfg = Debug|Any CPU
		{F249469A-91A1-D9F7-A9D2-68D55659D7C6}.Debug|Any CPU.Build.0 = Debug|Any CPU
		{F249469A-91A1-D9F7-A9D2-68D55659D7C6}.Release|Any CPU.ActiveCfg = Release|Any CPU
		{F249469A-91A1-D9F7-A9D2-68D55659D7C6}.Release|Any CPU.Build.0 = Release|Any CPU
		{C38465C2-17BE-6B75-5CFC-9C18ADEAEED9}.Debug|Any CPU.ActiveCfg = Debug|Any CPU
		{C38465C2-17BE-6B75-5CFC-9C18ADEAEED9}.Debug|Any CPU.Build.0 = Debug|Any CPU
		{C38465C2-17BE-6B75-5CFC-9C18ADEAEED9}.Release|Any CPU.ActiveCfg = Release|Any CPU
		{C38465C2-17BE-6B75-5CFC-9C18ADEAEED9}.Release|Any CPU.Build.0 = Release|Any CPU
		{79327FFF-76AE-13C5-7B1F-2121B841D23E}.Debug|Any CPU.ActiveCfg = Debug|Any CPU
		{79327FFF-76AE-13C5-7B1F-2121B841D23E}.Debug|Any CPU.Build.0 = Debug|Any CPU
		{79327FFF-76AE-13C5-7B1F-2121B841D23E}.Release|Any CPU.ActiveCfg = Release|Any CPU
		{79327FFF-76AE-13C5-7B1F-2121B841D23E}.Release|Any CPU.Build.0 = Release|Any CPU
		{FA5608A0-DDB0-06ED-1CD9-36B95837C127}.Debug|Any CPU.ActiveCfg = Debug|Any CPU
		{FA5608A0-DDB0-06ED-1CD9-36B95837C127}.Debug|Any CPU.Build.0 = Debug|Any CPU
		{FA5608A0-DDB0-06ED-1CD9-36B95837C127}.Release|Any CPU.ActiveCfg = Release|Any CPU
		{FA5608A0-DDB0-06ED-1CD9-36B95837C127}.Release|Any CPU.Build.0 = Release|Any CPU
		{D1F8838C-1514-AA8B-281B-625B7A95FB94}.Debug|Any CPU.ActiveCfg = Debug|Any CPU
		{D1F8838C-1514-AA8B-281B-625B7A95FB94}.Debug|Any CPU.Build.0 = Debug|Any CPU
		{D1F8838C-1514-AA8B-281B-625B7A95FB94}.Release|Any CPU.ActiveCfg = Release|Any CPU
		{D1F8838C-1514-AA8B-281B-625B7A95FB94}.Release|Any CPU.Build.0 = Release|Any CPU
		{2C7F89AE-0CF1-EFA5-D5CD-61869A854CE9}.Debug|Any CPU.ActiveCfg = Debug|Any CPU
		{2C7F89AE-0CF1-EFA5-D5CD-61869A854CE9}.Debug|Any CPU.Build.0 = Debug|Any CPU
		{2C7F89AE-0CF1-EFA5-D5CD-61869A854CE9}.Release|Any CPU.ActiveCfg = Release|Any CPU
		{2C7F89AE-0CF1-EFA5-D5CD-61869A854CE9}.Release|Any CPU.Build.0 = Release|Any CPU
		{C1F6D3F6-CF68-6040-F8F0-9732D9FB3967}.Debug|Any CPU.ActiveCfg = Debug|Any CPU
		{C1F6D3F6-CF68-6040-F8F0-9732D9FB3967}.Debug|Any CPU.Build.0 = Debug|Any CPU
		{C1F6D3F6-CF68-6040-F8F0-9732D9FB3967}.Release|Any CPU.ActiveCfg = Release|Any CPU
		{C1F6D3F6-CF68-6040-F8F0-9732D9FB3967}.Release|Any CPU.Build.0 = Release|Any CPU
		{A6D81C11-EBE8-FF70-E5BA-41AE90172BDE}.Debug|Any CPU.ActiveCfg = Debug|Any CPU
		{A6D81C11-EBE8-FF70-E5BA-41AE90172BDE}.Debug|Any CPU.Build.0 = Debug|Any CPU
		{A6D81C11-EBE8-FF70-E5BA-41AE90172BDE}.Release|Any CPU.ActiveCfg = Release|Any CPU
		{A6D81C11-EBE8-FF70-E5BA-41AE90172BDE}.Release|Any CPU.Build.0 = Release|Any CPU
		{44B4B190-C983-E15F-5FBF-FA6B0B62206C}.Debug|Any CPU.ActiveCfg = Debug|Any CPU
		{44B4B190-C983-E15F-5FBF-FA6B0B62206C}.Debug|Any CPU.Build.0 = Debug|Any CPU
		{44B4B190-C983-E15F-5FBF-FA6B0B62206C}.Release|Any CPU.ActiveCfg = Release|Any CPU
		{44B4B190-C983-E15F-5FBF-FA6B0B62206C}.Release|Any CPU.Build.0 = Release|Any CPU
		{1988CD7E-A317-87BA-90C3-DE5DE68ED99F}.Debug|Any CPU.ActiveCfg = Debug|Any CPU
		{1988CD7E-A317-87BA-90C3-DE5DE68ED99F}.Debug|Any CPU.Build.0 = Debug|Any CPU
		{1988CD7E-A317-87BA-90C3-DE5DE68ED99F}.Release|Any CPU.ActiveCfg = Release|Any CPU
		{1988CD7E-A317-87BA-90C3-DE5DE68ED99F}.Release|Any CPU.Build.0 = Release|Any CPU
		{A3BE68BD-19AC-95D2-6A45-EE2CD2E29B1F}.Debug|Any CPU.ActiveCfg = Debug|Any CPU
		{A3BE68BD-19AC-95D2-6A45-EE2CD2E29B1F}.Debug|Any CPU.Build.0 = Debug|Any CPU
		{A3BE68BD-19AC-95D2-6A45-EE2CD2E29B1F}.Release|Any CPU.ActiveCfg = Release|Any CPU
		{A3BE68BD-19AC-95D2-6A45-EE2CD2E29B1F}.Release|Any CPU.Build.0 = Release|Any CPU
		{F50909F4-AFD1-176E-D409-7456E8CD1426}.Debug|Any CPU.ActiveCfg = Debug|Any CPU
		{F50909F4-AFD1-176E-D409-7456E8CD1426}.Debug|Any CPU.Build.0 = Debug|Any CPU
		{F50909F4-AFD1-176E-D409-7456E8CD1426}.Release|Any CPU.ActiveCfg = Release|Any CPU
		{F50909F4-AFD1-176E-D409-7456E8CD1426}.Release|Any CPU.Build.0 = Release|Any CPU
		{2AD411B2-5D6A-387B-C036-476085071F1B}.Debug|Any CPU.ActiveCfg = Debug|Any CPU
		{2AD411B2-5D6A-387B-C036-476085071F1B}.Debug|Any CPU.Build.0 = Debug|Any CPU
		{2AD411B2-5D6A-387B-C036-476085071F1B}.Release|Any CPU.ActiveCfg = Release|Any CPU
		{2AD411B2-5D6A-387B-C036-476085071F1B}.Release|Any CPU.Build.0 = Release|Any CPU
		{0FA62883-4F85-E7A4-4C38-5B8996BA8AD6}.Debug|Any CPU.ActiveCfg = Debug|Any CPU
		{0FA62883-4F85-E7A4-4C38-5B8996BA8AD6}.Debug|Any CPU.Build.0 = Debug|Any CPU
		{0FA62883-4F85-E7A4-4C38-5B8996BA8AD6}.Release|Any CPU.ActiveCfg = Release|Any CPU
		{0FA62883-4F85-E7A4-4C38-5B8996BA8AD6}.Release|Any CPU.Build.0 = Release|Any CPU
		{33FCED0F-96F5-CF75-3E9F-726D0DC4DB6E}.Debug|Any CPU.ActiveCfg = Debug|Any CPU
		{33FCED0F-96F5-CF75-3E9F-726D0DC4DB6E}.Debug|Any CPU.Build.0 = Debug|Any CPU
		{33FCED0F-96F5-CF75-3E9F-726D0DC4DB6E}.Release|Any CPU.ActiveCfg = Release|Any CPU
		{33FCED0F-96F5-CF75-3E9F-726D0DC4DB6E}.Release|Any CPU.Build.0 = Release|Any CPU
		{0EBE6A6E-49D1-7A30-358B-F49FE9FED54F}.Debug|Any CPU.ActiveCfg = Debug|Any CPU
		{0EBE6A6E-49D1-7A30-358B-F49FE9FED54F}.Debug|Any CPU.Build.0 = Debug|Any CPU
		{0EBE6A6E-49D1-7A30-358B-F49FE9FED54F}.Release|Any CPU.ActiveCfg = Release|Any CPU
		{0EBE6A6E-49D1-7A30-358B-F49FE9FED54F}.Release|Any CPU.Build.0 = Release|Any CPU
		{3FFC7F4E-1F0A-7863-8154-6E68231EBF68}.Debug|Any CPU.ActiveCfg = Debug|Any CPU
		{3FFC7F4E-1F0A-7863-8154-6E68231EBF68}.Debug|Any CPU.Build.0 = Debug|Any CPU
		{3FFC7F4E-1F0A-7863-8154-6E68231EBF68}.Release|Any CPU.ActiveCfg = Release|Any CPU
		{3FFC7F4E-1F0A-7863-8154-6E68231EBF68}.Release|Any CPU.Build.0 = Release|Any CPU
		{DD73732B-8B92-EC26-91A2-81E3E3E94C96}.Debug|Any CPU.ActiveCfg = Debug|Any CPU
		{DD73732B-8B92-EC26-91A2-81E3E3E94C96}.Debug|Any CPU.Build.0 = Debug|Any CPU
		{DD73732B-8B92-EC26-91A2-81E3E3E94C96}.Release|Any CPU.ActiveCfg = Release|Any CPU
		{DD73732B-8B92-EC26-91A2-81E3E3E94C96}.Release|Any CPU.Build.0 = Release|Any CPU
		{E1B3165E-55A2-5B39-E8B8-57182BD7BC2E}.Debug|Any CPU.ActiveCfg = Debug|Any CPU
		{E1B3165E-55A2-5B39-E8B8-57182BD7BC2E}.Debug|Any CPU.Build.0 = Debug|Any CPU
		{E1B3165E-55A2-5B39-E8B8-57182BD7BC2E}.Release|Any CPU.ActiveCfg = Release|Any CPU
		{E1B3165E-55A2-5B39-E8B8-57182BD7BC2E}.Release|Any CPU.Build.0 = Release|Any CPU
		{F809A02A-67C0-CB6E-558A-05068263E6F2}.Debug|Any CPU.ActiveCfg = Debug|Any CPU
		{F809A02A-67C0-CB6E-558A-05068263E6F2}.Debug|Any CPU.Build.0 = Debug|Any CPU
		{F809A02A-67C0-CB6E-558A-05068263E6F2}.Release|Any CPU.ActiveCfg = Release|Any CPU
		{F809A02A-67C0-CB6E-558A-05068263E6F2}.Release|Any CPU.Build.0 = Release|Any CPU
		{6FECB63E-5F4F-74BE-9DCA-5D146A426CFD}.Debug|Any CPU.ActiveCfg = Debug|Any CPU
		{6FECB63E-5F4F-74BE-9DCA-5D146A426CFD}.Debug|Any CPU.Build.0 = Debug|Any CPU
		{6FECB63E-5F4F-74BE-9DCA-5D146A426CFD}.Release|Any CPU.ActiveCfg = Release|Any CPU
		{6FECB63E-5F4F-74BE-9DCA-5D146A426CFD}.Release|Any CPU.Build.0 = Release|Any CPU
		{7776B8D5-1529-4956-CB22-5720D5BF923D}.Debug|Any CPU.ActiveCfg = Debug|Any CPU
		{7776B8D5-1529-4956-CB22-5720D5BF923D}.Debug|Any CPU.Build.0 = Debug|Any CPU
		{7776B8D5-1529-4956-CB22-5720D5BF923D}.Release|Any CPU.ActiveCfg = Release|Any CPU
		{7776B8D5-1529-4956-CB22-5720D5BF923D}.Release|Any CPU.Build.0 = Release|Any CPU
		{1FB7ED0B-AD79-8BD8-DAED-06B9111FE02E}.Debug|Any CPU.ActiveCfg = Debug|Any CPU
		{1FB7ED0B-AD79-8BD8-DAED-06B9111FE02E}.Debug|Any CPU.Build.0 = Debug|Any CPU
		{1FB7ED0B-AD79-8BD8-DAED-06B9111FE02E}.Release|Any CPU.ActiveCfg = Release|Any CPU
		{1FB7ED0B-AD79-8BD8-DAED-06B9111FE02E}.Release|Any CPU.Build.0 = Release|Any CPU
	EndGlobalSection
	GlobalSection(SolutionProperties) = preSolution
		HideSolutionNode = FALSE
	EndGlobalSection
EndGlobal
